
Microsoft Visual Studio Solution File, Format Version 12.00
# Visual Studio Version 17
VisualStudioVersion = 17.12.35527.113 d17.12
MinimumVisualStudioVersion = 10.0.40219.1
Project("{8BC9CEB8-8B4A-11D0-8D11-00A0C91BC942}") = "exam2022", "exam2022\exam2022.vcxproj", "{7531CA98-514C-410F-81BE-FDE8045FF4AA}"
EndProject
Project("{8BC9CEB8-8B4A-11D0-8D11-00A0C91BC942}") = "facebook_friends", "facebook_friends\facebook_friends.vcxproj", "{95387485-DE0C-4530-B990-F04A972B648D}"
EndProject
Global
	GlobalSection(SolutionConfigurationPlatforms) = preSolution
		Debug|x64 = Debug|x64
		Debug|x86 = Debug|x86
		Release|x64 = Release|x64
		Release|x86 = Release|x86
	EndGlobalSection
	GlobalSection(ProjectConfigurationPlatforms) = postSolution
		{7531CA98-514C-410F-81BE-FDE8045FF4AA}.Debug|x64.ActiveCfg = Debug|x64
		{7531CA98-514C-410F-81BE-FDE8045FF4AA}.Debug|x64.Build.0 = Debug|x64
		{7531CA98-514C-410F-81BE-FDE8045FF4AA}.Debug|x86.ActiveCfg = Debug|Win32
		{7531CA98-514C-410F-81BE-FDE8045FF4AA}.Debug|x86.Build.0 = Debug|Win32
		{7531CA98-514C-410F-81BE-FDE8045FF4AA}.Release|x64.ActiveCfg = Release|x64
		{7531CA98-514C-410F-81BE-FDE8045FF4AA}.Release|x64.Build.0 = Release|x64
		{7531CA98-514C-410F-81BE-FDE8045FF4AA}.Release|x86.ActiveCfg = Release|Win32
		{7531CA98-514C-410F-81BE-FDE8045FF4AA}.Release|x86.Build.0 = Release|Win32
		{95387485-DE0C-4530-B990-F04A972B648D}.Debug|x64.ActiveCfg = Debug|x64
		{95387485-DE0C-4530-B990-F04A972B648D}.Debug|x64.Build.0 = Debug|x64
		{95387485-DE0C-4530-B990-F04A972B648D}.Debug|x86.ActiveCfg = Debug|Win32
		{95387485-DE0C-4530-B990-F04A972B648D}.Debug|x86.Build.0 = Debug|Win32
		{95387485-DE0C-4530-B990-F04A972B648D}.Release|x64.ActiveCfg = Release|x64
		{95387485-DE0C-4530-B990-F04A972B648D}.Release|x64.Build.0 = Release|x64
		{95387485-DE0C-4530-B990-F04A972B648D}.Release|x86.ActiveCfg = Release|Win32
		{95387485-DE0C-4530-B990-F04A972B648D}.Release|x86.Build.0 = Release|Win32
	EndGlobalSection
	GlobalSection(SolutionProperties) = preSolution
		HideSolutionNode = FALSE
	EndGlobalSection
EndGlobal
